<?xml version="1.0" encoding="utf-8"?>
<Project ToolsVersion="4.0" xmlns="http://schemas.microsoft.com/developer/msbuild/2003">
  <ItemGroup>
    <Filter Include="Source Files">
      <UniqueIdentifier>{4FC737F1-C7A5-4376-A066-2A32D752A2FF}</UniqueIdentifier>
      <Extensions>cpp;c;cc;cxx;c++;cppm;ixx;def;odl;idl;hpj;bat;asm;asmx</Extensions>
    </Filter>
    <Filter Include="Header Files">
      <UniqueIdentifier>{93995380-89BD-4b04-88EB-625FBE52EBFB}</UniqueIdentifier>
      <Extensions>h;hh;hpp;hxx;h++;hm;inl;inc;ipp;xsd</Extensions>
    </Filter>
    <Filter Include="Resource Files">
      <UniqueIdentifier>{67DA6AB6-F800-4c08-8B7A-83BB121AAD01}</UniqueIdentifier>
      <Extensions>rc;ico;cur;bmp;dlg;rc2;rct;bin;rgs;gif;jpg;jpeg;jpe;resx;tiff;tif;png;wav;mfcribbon-ms</Extensions>
    </Filter>
  </ItemGroup>
  <ItemGroup>
    <ClInclude Include="SurfaceModeler\BoxSurface.h">
      <Filter>Header Files</Filter>
    </ClInclude>
    <ClInclude Include="SurfaceModeler\framework.h">
      <Filter>Header Files</Filter>
    </ClInclude>
    <ClInclude Include="SurfaceModeler\MathUtils.h">
      <Filter>Header Files</Filter>
    </ClInclude>
    <ClInclude Include="SurfaceModeler\Renderer.h">
      <Filter>Header Files</Filter>
    </ClInclude>
    <ClInclude Include="SurfaceModeler\SampleScenes.h">
      <Filter>Header Files</Filter>
    </ClInclude>
    <ClInclude Include="SurfaceModeler\Scene.h">
      <Filter>Header Files</Filter>
    </ClInclude>
    <ClInclude Include="SurfaceModeler\SceneOperation.h">
      <Filter>Header Files</Filter>
    </ClInclude>
    <ClInclude Include="SurfaceModeler\SceneOperationParamLayout.h">
      <Filter>Header Files</Filter>
    </ClInclude>
    <ClInclude Include="SurfaceModeler\SceneReader.h">
      <Filter>Header Files</Filter>
    </ClInclude>
    <ClInclude Include="SurfaceModeler\SphereSurface.h">
      <Filter>Header Files</Filter>
    </ClInclude>
    <ClInclude Include="SurfaceModeler\Surface.h">
      <Filter>Header Files</Filter>
    </ClInclude>
    <ClInclude Include="SurfaceModeler\SurfaceModelerMain.h">
      <Filter>Header Files</Filter>
    </ClInclude>
    <ClInclude Include="SurfaceModeler\targetver.h">
      <Filter>Header Files</Filter>
    </ClInclude>
    <ClInclude Include="SurfaceModeler\ThreadedRenderer.h">
      <Filter>Header Files</Filter>
    </ClInclude>
    <ClInclude Include="SurfaceModeler\Vector.h">
      <Filter>Header Files</Filter>
    </ClInclude>
    <ClInclude Include="SurfaceModeler\VectorMathUtils.h">
      <Filter>Header Files</Filter>
    </ClInclude>
  </ItemGroup>
  <ItemGroup>
    <ClCompile Include="SurfaceModeler\BoxSurface.cpp">
      <Filter>Source Files</Filter>
    </ClCompile>
    <ClCompile Include="SurfaceModeler\Renderer.cpp">
      <Filter>Source Files</Filter>
    </ClCompile>
    <ClCompile Include="SurfaceModeler\Scene.cpp">
      <Filter>Source Files</Filter>
    </ClCompile>
    <ClCompile Include="SurfaceModeler\SceneOperation.cpp">
      <Filter>Source Files</Filter>
    </ClCompile>
    <ClCompile Include="SurfaceModeler\SceneReader.cpp">
      <Filter>Source Files</Filter>
    </ClCompile>
    <ClCompile Include="SurfaceModeler\SphereSurface.cpp">
      <Filter>Source Files</Filter>
    </ClCompile>
    <ClCompile Include="SurfaceModeler\SurfaceModelerMain.cpp">
      <Filter>Source Files</Filter>
    </ClCompile>
    <ClCompile Include="SurfaceModeler\ThreadedRenderer.cpp">
      <Filter>Source Files</Filter>
    </ClCompile>
    <ClCompile Include="SurfaceModeler\Vector.cpp">
      <Filter>Source Files</Filter>
    </ClCompile>
  </ItemGroup>
</Project>